
Microsoft Visual Studio Solution File, Format Version 12.00
# Visual Studio 15
VisualStudioVersion = 15.0.27428.2005
MinimumVisualStudioVersion = 10.0.40219.1
Project("{FAE04EC0-301F-11D3-BF4B-00C04F79EFBC}") = "Sales-Management-System", "MarsOnBoard1\Sales-Management-System.csproj", "{EC7ABB40-6B5F-426F-9294-5B9073E9609A}"
EndProject
Global
	GlobalSection(SolutionConfigurationPlatforms) = preSolution
		Debug|Any CPU = Debug|Any CPU
		Release|Any CPU = Release|Any CPU
	EndGlobalSection
	GlobalSection(ProjectConfigurationPlatforms) = postSolution
		{EC7ABB40-6B5F-426F-9294-5B9073E9609A}.Debug|Any CPU.ActiveCfg = Debug|Any CPU
		{EC7ABB40-6B5F-426F-9294-5B9073E9609A}.Debug|Any CPU.Build.0 = Debug|Any CPU
		{EC7ABB40-6B5F-426F-9294-5B9073E9609A}.Release|Any CPU.ActiveCfg = Release|Any CPU
		{EC7ABB40-6B5F-426F-9294-5B9073E9609A}.Release|Any CPU.Build.0 = Release|Any CPU
	EndGlobalSection
	GlobalSection(SolutionProperties) = preSolution
		HideSolutionNode = FALSE
	EndGlobalSection
	GlobalSection(ExtensibilityGlobals) = postSolution
		SolutionGuid = {99E8A9F2-F4D2-4971-B9C8-426326F99C34}
	EndGlobalSection
	GlobalSection(TeamFoundationVersionControl) = preSolution
		SccNumberOfProjects = 2
		SccEnterpriseProvider = {4CA58AB2-18FA-4F8D-95D4-32DDF27D184C}
		SccTeamFoundationServer = http://dev.mvp.studio:8080/tfs/mvpstudiocollection
		SccLocalPath0 = .
		SccProjectUniqueName1 = MarsOnBoard1\\Sales-Management-System.csproj
		SccProjectName1 = MarsOnBoard1
		SccLocalPath1 = MarsOnBoard1
	EndGlobalSection
EndGlobal
